
Microsoft Visual Studio Solution File, Format Version 12.00
# Visual Studio Version 17
VisualStudioVersion = 17.10.35013.160
MinimumVisualStudioVersion = 10.0.40219.1
Project("{FAE04EC0-301F-11D3-BF4B-00C04F79EFBC}") = "ComputerSystem", "ComputerSystem\ComputerSystem.csproj", "{2E745B60-345F-478D-A576-8B6337D45AA3}"
EndProject
Project("{FAE04EC0-301F-11D3-BF4B-00C04F79EFBC}") = "ComputerClient", "ComputerClient\ComputerClient.csproj", "{717D4E3D-1DBE-4643-8CBD-BB4C26B6890A}"
EndProject
Global
	GlobalSection(SolutionConfigurationPlatforms) = preSolution
		Debug|Any CPU = Debug|Any CPU
		Release|Any CPU = Release|Any CPU
	EndGlobalSection
	GlobalSection(ProjectConfigurationPlatforms) = postSolution
		{2E745B60-345F-478D-A576-8B6337D45AA3}.Debug|Any CPU.ActiveCfg = Debug|Any CPU
		{2E745B60-345F-478D-A576-8B6337D45AA3}.Debug|Any CPU.Build.0 = Debug|Any CPU
		{2E745B60-345F-478D-A576-8B6337D45AA3}.Release|Any CPU.ActiveCfg = Release|Any CPU
		{2E745B60-345F-478D-A576-8B6337D45AA3}.Release|Any CPU.Build.0 = Release|Any CPU
		{717D4E3D-1DBE-4643-8CBD-BB4C26B6890A}.Debug|Any CPU.ActiveCfg = Debug|Any CPU
		{717D4E3D-1DBE-4643-8CBD-BB4C26B6890A}.Debug|Any CPU.Build.0 = Debug|Any CPU
		{717D4E3D-1DBE-4643-8CBD-BB4C26B6890A}.Release|Any CPU.ActiveCfg = Release|Any CPU
		{717D4E3D-1DBE-4643-8CBD-BB4C26B6890A}.Release|Any CPU.Build.0 = Release|Any CPU
	EndGlobalSection
	GlobalSection(SolutionProperties) = preSolution
		HideSolutionNode = FALSE
	EndGlobalSection
	GlobalSection(ExtensibilityGlobals) = postSolution
		SolutionGuid = {E346FE6C-E880-487F-8EAB-E16EE2648724}
	EndGlobalSection
EndGlobal
